# yaml-language-server: $schema=.fluence/schemas/fluence-lock.yaml.json

# Defines a lock file for Fluence Project dependencies. When dependencies are installed - their exact versions are saved here.

# Documentation: https://github.com/fluencelabs/fluence-cli/tree/main/docs/configs/fluence-lock.md

version: 0
npm:
  "@fluencelabs/cli": 0.4.8
  "@fluencelabs/aqua-lib": 0.7.0
  "@fluencelabs/registry": 0.8.6
  "@fluencelabs/spell": 0.3.5
  "@fluencelabs/aqua": 0.10.2
cargo:
  marine: 0.12.4
  mrepl: 0.18.6
