{
  "name": "installation-spell",
  "version": "0.0.1",
  "lockfileVersion": 3,
  "requires": true,
  "packages": {
    "": {
      "name": "installation-spell",
      "version": "0.0.1",
      "license": "Apache-2.0",
      "dependencies": {
        "@fluencelabs/spell": "0.0.1"
      }
    },
    "node_modules/@fluencelabs/spell": {
      "version": "0.0.1",
      "resolved": "https://registry.npmjs.org/@fluencelabs/spell/-/spell-0.0.1.tgz",
      "integrity": "sha512-4KedTH73nSHIobFEE/zaA1fPF/Rk9qw8FS5ImH6KTeomy51fnZGxJ2vLg+UCNYiGc+6++za+uxOczJsygAMJ/A=="
    }
  }
}
