{
  "name": "aqua-tests",
  "version": "1.0.0",
  "lockfileVersion": 3,
  "requires": true,
  "packages": {
    "": {
      "name": "aqua-tests",
      "version": "1.0.0",
      "license": "MIT",
      "dependencies": {
        "@fluencelabs/aqua-lib": "0.8.0"
      }
    },
    "node_modules/@fluencelabs/aqua-lib": {
      "version": "0.8.0",
      "resolved": "https://registry.npmjs.org/@fluencelabs/aqua-lib/-/aqua-lib-0.8.0.tgz",
      "integrity": "sha512-rnOpmXKLtzs9VhkA869iuXynB7ibtpz/I37QXzHJbp8RWPeWhcJjKRU4za1i62OqTX/sbnRgip8DcO7XRX+XsQ=="
    }
  }
}
