{
  "name": "aqua-tests",
  "version": "1.0.0",
  "lockfileVersion": 3,
  "requires": true,
  "packages": {
    "": {
      "name": "aqua-tests",
      "version": "1.0.0",
      "license": "MIT",
      "dependencies": {
        "@fluencelabs/aqua-lib": "0.8.2"
      }
    },
    "node_modules/@fluencelabs/aqua-lib": {
      "version": "0.8.2",
      "resolved": "https://registry.npmjs.org/@fluencelabs/aqua-lib/-/aqua-lib-0.8.2.tgz",
      "integrity": "sha512-z3kKy5hlgqA3yYvbofdSgcUcM2x0FLIj8t80UTwRwAyDmNfvKcLKNRD4BkbPqWfvLfz9NfASgqak9QAJ5h9/JQ=="
    }
  }
}
